
Microsoft Visual Studio Solution File, Format Version 12.00
# Visual Studio Version 17
VisualStudioVersion = 17.0.31912.275
MinimumVisualStudioVersion = 10.0.40219.1
Project("{FAE04EC0-301F-11D3-BF4B-00C04F79EFBC}") = "StocksUdemy", "StocksUdemy\StocksUdemy.csproj", "{37B775BE-69E5-418C-A5B3-B3AF6EA93552}"
EndProject
Global
	GlobalSection(SolutionConfigurationPlatforms) = preSolution
		Debug|Any CPU = Debug|Any CPU
		Release|Any CPU = Release|Any CPU
	EndGlobalSection
	GlobalSection(ProjectConfigurationPlatforms) = postSolution
		{37B775BE-69E5-418C-A5B3-B3AF6EA93552}.Debug|Any CPU.ActiveCfg = Debug|Any CPU
		{37B775BE-69E5-418C-A5B3-B3AF6EA93552}.Debug|Any CPU.Build.0 = Debug|Any CPU
		{37B775BE-69E5-418C-A5B3-B3AF6EA93552}.Release|Any CPU.ActiveCfg = Release|Any CPU
		{37B775BE-69E5-418C-A5B3-B3AF6EA93552}.Release|Any CPU.Build.0 = Release|Any CPU
	EndGlobalSection
	GlobalSection(SolutionProperties) = preSolution
		HideSolutionNode = FALSE
	EndGlobalSection
	GlobalSection(ExtensibilityGlobals) = postSolution
		SolutionGuid = {2E4E93CE-D60F-408A-91F6-B4A9CDB9344C}
	EndGlobalSection
EndGlobal
